// !$*UTF8*$!
{
	archiveVersion = 1;
	classes = {
	};
	objectVersion = 50;
	objects = {

/* Begin PBXBuildFile section */
		3A41880E25EC3AA600788829 /* APIService.swift in Sources */ = {isa = PBXBuildFile; fileRef = 3A41880D25EC3AA600788829 /* APIService.swift */; };
		3A41881325EC4A4C00788829 /* EpisodesResponse.swift in Sources */ = {isa = PBXBuildFile; fileRef = 3A41881225EC4A4C00788829 /* EpisodesResponse.swift */; };
		3A41881725EC4FD400788829 /* APIEndpoint.swift in Sources */ = {isa = PBXBuildFile; fileRef = 3A41881625EC4FD400788829 /* APIEndpoint.swift */; };
		3A41881A25EC528400788829 /* APIManager.swift in Sources */ = {isa = PBXBuildFile; fileRef = 3A41881925EC528400788829 /* APIManager.swift */; };
		3A41881D25EC529100788829 /* APIError.swift in Sources */ = {isa = PBXBuildFile; fileRef = 3A41881C25EC529100788829 /* APIError.swift */; };
		3A41882025EC52EA00788829 /* APIResponseErrorData.swift.swift in Sources */ = {isa = PBXBuildFile; fileRef = 3A41881F25EC52EA00788829 /* APIResponseErrorData.swift.swift */; };
		3A8C2AC125EA884C008C2042 /* AccountManager.swift in Sources */ = {isa = PBXBuildFile; fileRef = 3A8C2AC025EA884C008C2042 /* AccountManager.swift */; };
		3A8C2AC525EA8AA8008C2042 /* String+Extension.swift in Sources */ = {isa = PBXBuildFile; fileRef = 3A8C2AC425EA8AA8008C2042 /* String+Extension.swift */; };
		3A8C2ACE25EB0E0F008C2042 /* Season.swift in Sources */ = {isa = PBXBuildFile; fileRef = 3A8C2ACD25EB0E0F008C2042 /* Season.swift */; };
		3A951FE825EB192B00E207BC /* EpisodesViewController.swift in Sources */ = {isa = PBXBuildFile; fileRef = 3A951FE725EB192B00E207BC /* EpisodesViewController.swift */; };
		3ADD69D325E6C71D0018344C /* AppDelegate.swift in Sources */ = {isa = PBXBuildFile; fileRef = 3ADD69D225E6C71D0018344C /* AppDelegate.swift */; };
		3ADD69D525E6C71D0018344C /* SceneDelegate.swift in Sources */ = {isa = PBXBuildFile; fileRef = 3ADD69D425E6C71D0018344C /* SceneDelegate.swift */; };
		3ADD69D725E6C71D0018344C /* LoginViewController.swift in Sources */ = {isa = PBXBuildFile; fileRef = 3ADD69D625E6C71D0018344C /* LoginViewController.swift */; };
		3ADD69DA25E6C71D0018344C /* Login.storyboard in Resources */ = {isa = PBXBuildFile; fileRef = 3ADD69D825E6C71D0018344C /* Login.storyboard */; };
		3ADD69DC25E6C7210018344C /* Assets.xcassets in Resources */ = {isa = PBXBuildFile; fileRef = 3ADD69DB25E6C7210018344C /* Assets.xcassets */; };
		3ADD69DF25E6C7210018344C /* LaunchScreen.storyboard in Resources */ = {isa = PBXBuildFile; fileRef = 3ADD69DD25E6C7210018344C /* LaunchScreen.storyboard */; };
		3ADD6A0925E6F79B0018344C /* Home.storyboard in Resources */ = {isa = PBXBuildFile; fileRef = 3ADD6A0825E6F79B0018344C /* Home.storyboard */; };
		3ADD6A0C25E6F7E90018344C /* HomeViewController.swift in Sources */ = {isa = PBXBuildFile; fileRef = 3ADD6A0B25E6F7E90018344C /* HomeViewController.swift */; };
		3ADD6A0F25E6FCBD0018344C /* Episodes.storyboard in Resources */ = {isa = PBXBuildFile; fileRef = 3ADD6A0E25E6FCBD0018344C /* Episodes.storyboard */; };
		3ADD6A1525E6FF410018344C /* EpisodeDetailsViewController.swift in Sources */ = {isa = PBXBuildFile; fileRef = 3ADD6A1425E6FF410018344C /* EpisodeDetailsViewController.swift */; };
		3ADD6A1825E6FF580018344C /* CharacterDetailsViewController.swift in Sources */ = {isa = PBXBuildFile; fileRef = 3ADD6A1725E6FF580018344C /* CharacterDetailsViewController.swift */; };
		3ADD6A1B25E7047E0018344C /* MainViewController.swift in Sources */ = {isa = PBXBuildFile; fileRef = 3ADD6A1A25E7047E0018344C /* MainViewController.swift */; };
		3ADD6A2825E71C000018344C /* CustomTextField.swift in Sources */ = {isa = PBXBuildFile; fileRef = 3ADD6A2725E71C000018344C /* CustomTextField.swift */; };
		3ADD6A2C25E72D0A0018344C /* Account.swift in Sources */ = {isa = PBXBuildFile; fileRef = 3ADD6A2B25E72D0A0018344C /* Account.swift */; };
		3ADD6A3125E72E010018344C /* UserDefaultsManager.swift in Sources */ = {isa = PBXBuildFile; fileRef = 3ADD6A3025E72E010018344C /* UserDefaultsManager.swift */; };
		3ADD6A3525E72FB00018344C /* SwiftKeychain.swift in Sources */ = {isa = PBXBuildFile; fileRef = 3ADD6A3425E72FB00018344C /* SwiftKeychain.swift */; };
/* End PBXBuildFile section */

/* Begin PBXFileReference section */
		3A41880D25EC3AA600788829 /* APIService.swift */ = {isa = PBXFileReference; lastKnownFileType = sourcecode.swift; path = APIService.swift; sourceTree = "<group>"; };
		3A41881225EC4A4C00788829 /* EpisodesResponse.swift */ = {isa = PBXFileReference; lastKnownFileType = sourcecode.swift; path = EpisodesResponse.swift; sourceTree = "<group>"; };
		3A41881625EC4FD400788829 /* APIEndpoint.swift */ = {isa = PBXFileReference; lastKnownFileType = sourcecode.swift; path = APIEndpoint.swift; sourceTree = "<group>"; };
		3A41881925EC528400788829 /* APIManager.swift */ = {isa = PBXFileReference; lastKnownFileType = sourcecode.swift; path = APIManager.swift; sourceTree = "<group>"; };
		3A41881C25EC529100788829 /* APIError.swift */ = {isa = PBXFileReference; lastKnownFileType = sourcecode.swift; path = APIError.swift; sourceTree = "<group>"; };
		3A41881F25EC52EA00788829 /* APIResponseErrorData.swift.swift */ = {isa = PBXFileReference; lastKnownFileType = sourcecode.swift; path = APIResponseErrorData.swift.swift; sourceTree = "<group>"; };
		3A8C2AC025EA884C008C2042 /* AccountManager.swift */ = {isa = PBXFileReference; lastKnownFileType = sourcecode.swift; path = AccountManager.swift; sourceTree = "<group>"; };
		3A8C2AC425EA8AA8008C2042 /* String+Extension.swift */ = {isa = PBXFileReference; lastKnownFileType = sourcecode.swift; path = "String+Extension.swift"; sourceTree = "<group>"; };
		3A8C2ACD25EB0E0F008C2042 /* Season.swift */ = {isa = PBXFileReference; lastKnownFileType = sourcecode.swift; name = Season.swift; path = "BreakingBadFan App/models/Season.swift"; sourceTree = SOURCE_ROOT; };
		3A951FE725EB192B00E207BC /* EpisodesViewController.swift */ = {isa = PBXFileReference; lastKnownFileType = sourcecode.swift; name = EpisodesViewController.swift; path = "BreakingBadFan App/Episodes Screen/EpisodesViewController.swift"; sourceTree = SOURCE_ROOT; };
		3ADD69CF25E6C71D0018344C /* BreakingBadFan App.app */ = {isa = PBXFileReference; explicitFileType = wrapper.application; includeInIndex = 0; path = "BreakingBadFan App.app"; sourceTree = BUILT_PRODUCTS_DIR; };
		3ADD69D225E6C71D0018344C /* AppDelegate.swift */ = {isa = PBXFileReference; lastKnownFileType = sourcecode.swift; path = AppDelegate.swift; sourceTree = "<group>"; };
		3ADD69D425E6C71D0018344C /* SceneDelegate.swift */ = {isa = PBXFileReference; lastKnownFileType = sourcecode.swift; path = SceneDelegate.swift; sourceTree = "<group>"; };
		3ADD69D625E6C71D0018344C /* LoginViewController.swift */ = {isa = PBXFileReference; lastKnownFileType = sourcecode.swift; path = LoginViewController.swift; sourceTree = "<group>"; };
		3ADD69D925E6C71D0018344C /* Base */ = {isa = PBXFileReference; lastKnownFileType = file.storyboard; name = Base; path = Base.lproj/Login.storyboard; sourceTree = "<group>"; };
		3ADD69DB25E6C7210018344C /* Assets.xcassets */ = {isa = PBXFileReference; lastKnownFileType = folder.assetcatalog; path = Assets.xcassets; sourceTree = "<group>"; };
		3ADD69DE25E6C7210018344C /* Base */ = {isa = PBXFileReference; lastKnownFileType = file.storyboard; name = Base; path = Base.lproj/LaunchScreen.storyboard; sourceTree = "<group>"; };
		3ADD69E025E6C7210018344C /* Info.plist */ = {isa = PBXFileReference; lastKnownFileType = text.plist.xml; path = Info.plist; sourceTree = "<group>"; };
		3ADD6A0825E6F79B0018344C /* Home.storyboard */ = {isa = PBXFileReference; lastKnownFileType = file.storyboard; path = Home.storyboard; sourceTree = "<group>"; };
		3ADD6A0B25E6F7E90018344C /* HomeViewController.swift */ = {isa = PBXFileReference; lastKnownFileType = sourcecode.swift; path = HomeViewController.swift; sourceTree = "<group>"; };
		3ADD6A0E25E6FCBD0018344C /* Episodes.storyboard */ = {isa = PBXFileReference; lastKnownFileType = file.storyboard; path = Episodes.storyboard; sourceTree = "<group>"; };
		3ADD6A1425E6FF410018344C /* EpisodeDetailsViewController.swift */ = {isa = PBXFileReference; lastKnownFileType = sourcecode.swift; path = EpisodeDetailsViewController.swift; sourceTree = "<group>"; };
		3ADD6A1725E6FF580018344C /* CharacterDetailsViewController.swift */ = {isa = PBXFileReference; lastKnownFileType = sourcecode.swift; path = CharacterDetailsViewController.swift; sourceTree = "<group>"; };
		3ADD6A1A25E7047E0018344C /* MainViewController.swift */ = {isa = PBXFileReference; lastKnownFileType = sourcecode.swift; path = MainViewController.swift; sourceTree = "<group>"; };
		3ADD6A2725E71C000018344C /* CustomTextField.swift */ = {isa = PBXFileReference; lastKnownFileType = sourcecode.swift; path = CustomTextField.swift; sourceTree = "<group>"; };
		3ADD6A2B25E72D0A0018344C /* Account.swift */ = {isa = PBXFileReference; lastKnownFileType = sourcecode.swift; path = Account.swift; sourceTree = "<group>"; };
		3ADD6A3025E72E010018344C /* UserDefaultsManager.swift */ = {isa = PBXFileReference; lastKnownFileType = sourcecode.swift; path = UserDefaultsManager.swift; sourceTree = "<group>"; };
		3ADD6A3425E72FB00018344C /* SwiftKeychain.swift */ = {isa = PBXFileReference; lastKnownFileType = sourcecode.swift; path = SwiftKeychain.swift; sourceTree = "<group>"; };
/* End PBXFileReference section */

/* Begin PBXFrameworksBuildPhase section */
		3ADD69CC25E6C71D0018344C /* Frameworks */ = {
			isa = PBXFrameworksBuildPhase;
			buildActionMask = 2147483647;
			files = (
			);
			runOnlyForDeploymentPostprocessing = 0;
		};
/* End PBXFrameworksBuildPhase section */

/* Begin PBXGroup section */
		3A41880C25EC3A8B00788829 /* API */ = {
			isa = PBXGroup;
			children = (
				3A41881125EC4A0000788829 /* Response */,
				3A41880D25EC3AA600788829 /* APIService.swift */,
				3A41881625EC4FD400788829 /* APIEndpoint.swift */,
				3A41881925EC528400788829 /* APIManager.swift */,
				3A41881C25EC529100788829 /* APIError.swift */,
			);
			path = API;
			sourceTree = "<group>";
		};
		3A41881125EC4A0000788829 /* Response */ = {
			isa = PBXGroup;
			children = (
				3A41881225EC4A4C00788829 /* EpisodesResponse.swift */,
				3A41881F25EC52EA00788829 /* APIResponseErrorData.swift.swift */,
			);
			path = Response;
			sourceTree = "<group>";
		};
		3A8C2AC325EA8A7B008C2042 /* Extensions */ = {
			isa = PBXGroup;
			children = (
				3A8C2AC425EA8AA8008C2042 /* String+Extension.swift */,
			);
			path = Extensions;
			sourceTree = "<group>";
		};
		3A951FED25EB239300E207BC /* Login Screen */ = {
			isa = PBXGroup;
			children = (
				3ADD69D825E6C71D0018344C /* Login.storyboard */,
				3ADD69D625E6C71D0018344C /* LoginViewController.swift */,
			);
			path = "Login Screen";
			sourceTree = "<group>";
		};
		3A951FEE25EB23FC00E207BC /* Episodes Screen */ = {
			isa = PBXGroup;
			children = (
				3ADD6A0E25E6FCBD0018344C /* Episodes.storyboard */,
				3A951FE725EB192B00E207BC /* EpisodesViewController.swift */,
			);
			path = "Episodes Screen";
			sourceTree = "<group>";
		};
		3ADD69C625E6C71D0018344C = {
			isa = PBXGroup;
			children = (
				3ADD69D125E6C71D0018344C /* BreakingBadFan App */,
				3ADD69D025E6C71D0018344C /* Products */,
			);
			sourceTree = "<group>";
		};
		3ADD69D025E6C71D0018344C /* Products */ = {
			isa = PBXGroup;
			children = (
				3ADD69CF25E6C71D0018344C /* BreakingBadFan App.app */,
			);
			name = Products;
			sourceTree = "<group>";
		};
		3ADD69D125E6C71D0018344C /* BreakingBadFan App */ = {
			isa = PBXGroup;
			children = (
				3A41880C25EC3A8B00788829 /* API */,
				3A8C2AC325EA8A7B008C2042 /* Extensions */,
				3ADD69F225E6CA3D0018344C /* UIElements */,
				3A951FED25EB239300E207BC /* Login Screen */,
				3ADD69E825E6C8640018344C /* Home Screen */,
				3A951FEE25EB23FC00E207BC /* Episodes Screen */,
				3ADD69E725E6C84C0018344C /* ViewControllers */,
				3ADD6A2A25E72CEC0018344C /* Models */,
				3ADD6A2F25E72DD50018344C /* Managers */,
				3ADD69E925E6C8D90018344C /* Resources */,
				3ADD69D225E6C71D0018344C /* AppDelegate.swift */,
				3ADD69D425E6C71D0018344C /* SceneDelegate.swift */,
				3ADD69DD25E6C7210018344C /* LaunchScreen.storyboard */,
				3ADD69E025E6C7210018344C /* Info.plist */,
			);
			path = "BreakingBadFan App";
			sourceTree = "<group>";
		};
		3ADD69E725E6C84C0018344C /* ViewControllers */ = {
			isa = PBXGroup;
			children = (
				3ADD6A1A25E7047E0018344C /* MainViewController.swift */,
				3ADD6A1425E6FF410018344C /* EpisodeDetailsViewController.swift */,
				3ADD6A1725E6FF580018344C /* CharacterDetailsViewController.swift */,
			);
			path = ViewControllers;
			sourceTree = "<group>";
		};
		3ADD69E825E6C8640018344C /* Home Screen */ = {
			isa = PBXGroup;
			children = (
				3ADD6A0825E6F79B0018344C /* Home.storyboard */,
				3ADD6A0B25E6F7E90018344C /* HomeViewController.swift */,
			);
			path = "Home Screen";
			sourceTree = "<group>";
		};
		3ADD69E925E6C8D90018344C /* Resources */ = {
			isa = PBXGroup;
			children = (
				3ADD69DB25E6C7210018344C /* Assets.xcassets */,
				3ADD6A3425E72FB00018344C /* SwiftKeychain.swift */,
			);
			path = Resources;
			sourceTree = "<group>";
		};
		3ADD69F225E6CA3D0018344C /* UIElements */ = {
			isa = PBXGroup;
			children = (
				3ADD6A1E25E71B8E0018344C /* CustomTextField */,
			);
			path = UIElements;
			sourceTree = "<group>";
		};
		3ADD6A1E25E71B8E0018344C /* CustomTextField */ = {
			isa = PBXGroup;
			children = (
				3ADD6A2725E71C000018344C /* CustomTextField.swift */,
			);
			path = CustomTextField;
			sourceTree = "<group>";
		};
		3ADD6A2A25E72CEC0018344C /* Models */ = {
			isa = PBXGroup;
			children = (
				3ADD6A2B25E72D0A0018344C /* Account.swift */,
				3A8C2ACD25EB0E0F008C2042 /* Season.swift */,
			);
			path = Models;
			sourceTree = "<group>";
		};
		3ADD6A2F25E72DD50018344C /* Managers */ = {
			isa = PBXGroup;
			children = (
				3ADD6A3025E72E010018344C /* UserDefaultsManager.swift */,
				3A8C2AC025EA884C008C2042 /* AccountManager.swift */,
			);
			path = Managers;
			sourceTree = "<group>";
		};
/* End PBXGroup section */

/* Begin PBXNativeTarget section */
		3ADD69CE25E6C71D0018344C /* BreakingBadFan App */ = {
			isa = PBXNativeTarget;
			buildConfigurationList = 3ADD69E325E6C7210018344C /* Build configuration list for PBXNativeTarget "BreakingBadFan App" */;
			buildPhases = (
				3ADD69CB25E6C71D0018344C /* Sources */,
				3ADD69CC25E6C71D0018344C /* Frameworks */,
				3ADD69CD25E6C71D0018344C /* Resources */,
			);
			buildRules = (
			);
			dependencies = (
			);
			name = "BreakingBadFan App";
			productName = "BreakingBadFan App";
			productReference = 3ADD69CF25E6C71D0018344C /* BreakingBadFan App.app */;
			productType = "com.apple.product-type.application";
		};
/* End PBXNativeTarget section */

/* Begin PBXProject section */
		3ADD69C725E6C71D0018344C /* Project object */ = {
			isa = PBXProject;
			attributes = {
				LastSwiftUpdateCheck = 1240;
				LastUpgradeCheck = 1240;
				TargetAttributes = {
					3ADD69CE25E6C71D0018344C = {
						CreatedOnToolsVersion = 12.4;
					};
				};
			};
			buildConfigurationList = 3ADD69CA25E6C71D0018344C /* Build configuration list for PBXProject "BreakingBadFan App" */;
			compatibilityVersion = "Xcode 9.3";
			developmentRegion = en;
			hasScannedForEncodings = 0;
			knownRegions = (
				en,
				Base,
			);
			mainGroup = 3ADD69C625E6C71D0018344C;
			productRefGroup = 3ADD69D025E6C71D0018344C /* Products */;
			projectDirPath = "";
			projectRoot = "";
			targets = (
				3ADD69CE25E6C71D0018344C /* BreakingBadFan App */,
			);
		};
/* End PBXProject section */

/* Begin PBXResourcesBuildPhase section */
		3ADD69CD25E6C71D0018344C /* Resources */ = {
			isa = PBXResourcesBuildPhase;
			buildActionMask = 2147483647;
			files = (
				3ADD69DF25E6C7210018344C /* LaunchScreen.storyboard in Resources */,
				3ADD6A0925E6F79B0018344C /* Home.storyboard in Resources */,
				3ADD6A0F25E6FCBD0018344C /* Episodes.storyboard in Resources */,
				3ADD69DC25E6C7210018344C /* Assets.xcassets in Resources */,
				3ADD69DA25E6C71D0018344C /* Login.storyboard in Resources */,
			);
			runOnlyForDeploymentPostprocessing = 0;
		};
/* End PBXResourcesBuildPhase section */

/* Begin PBXSourcesBuildPhase section */
		3ADD69CB25E6C71D0018344C /* Sources */ = {
			isa = PBXSourcesBuildPhase;
			buildActionMask = 2147483647;
			files = (
				3A951FE825EB192B00E207BC /* EpisodesViewController.swift in Sources */,
				3A41881A25EC528400788829 /* APIManager.swift in Sources */,
				3A41881725EC4FD400788829 /* APIEndpoint.swift in Sources */,
				3A41882025EC52EA00788829 /* APIResponseErrorData.swift.swift in Sources */,
				3ADD6A2825E71C000018344C /* CustomTextField.swift in Sources */,
				3A41881325EC4A4C00788829 /* EpisodesResponse.swift in Sources */,
				3ADD69D725E6C71D0018344C /* LoginViewController.swift in Sources */,
				3ADD6A3525E72FB00018344C /* SwiftKeychain.swift in Sources */,
				3ADD6A1B25E7047E0018344C /* MainViewController.swift in Sources */,
				3ADD6A3125E72E010018344C /* UserDefaultsManager.swift in Sources */,
				3ADD6A1525E6FF410018344C /* EpisodeDetailsViewController.swift in Sources */,
				3ADD6A1825E6FF580018344C /* CharacterDetailsViewController.swift in Sources */,
				3A8C2ACE25EB0E0F008C2042 /* Season.swift in Sources */,
				3A41880E25EC3AA600788829 /* APIService.swift in Sources */,
				3A41881D25EC529100788829 /* APIError.swift in Sources */,
				3ADD6A2C25E72D0A0018344C /* Account.swift in Sources */,
				3A8C2AC525EA8AA8008C2042 /* String+Extension.swift in Sources */,
				3A8C2AC125EA884C008C2042 /* AccountManager.swift in Sources */,
				3ADD6A0C25E6F7E90018344C /* HomeViewController.swift in Sources */,
				3ADD69D325E6C71D0018344C /* AppDelegate.swift in Sources */,
				3ADD69D525E6C71D0018344C /* SceneDelegate.swift in Sources */,
			);
			runOnlyForDeploymentPostprocessing = 0;
		};
/* End PBXSourcesBuildPhase section */

/* Begin PBXVariantGroup section */
		3ADD69D825E6C71D0018344C /* Login.storyboard */ = {
			isa = PBXVariantGroup;
			children = (
				3ADD69D925E6C71D0018344C /* Base */,
			);
			name = Login.storyboard;
			sourceTree = "<group>";
		};
		3ADD69DD25E6C7210018344C /* LaunchScreen.storyboard */ = {
			isa = PBXVariantGroup;
			children = (
				3ADD69DE25E6C7210018344C /* Base */,
			);
			name = LaunchScreen.storyboard;
			sourceTree = "<group>";
		};
/* End PBXVariantGroup section */

/* Begin XCBuildConfiguration section */
		3ADD69E125E6C7210018344C /* Debug */ = {
			isa = XCBuildConfiguration;
			buildSettings = {
				ALWAYS_SEARCH_USER_PATHS = NO;
				CLANG_ANALYZER_NONNULL = YES;
				CLANG_ANALYZER_NUMBER_OBJECT_CONVERSION = YES_AGGRESSIVE;
				CLANG_CXX_LANGUAGE_STANDARD = "gnu++14";
				CLANG_CXX_LIBRARY = "libc++";
				CLANG_ENABLE_MODULES = YES;
				CLANG_ENABLE_OBJC_ARC = YES;
				CLANG_ENABLE_OBJC_WEAK = YES;
				CLANG_WARN_BLOCK_CAPTURE_AUTORELEASING = YES;
				CLANG_WARN_BOOL_CONVERSION = YES;
				CLANG_WARN_COMMA = YES;
				CLANG_WARN_CONSTANT_CONVERSION = YES;
				CLANG_WARN_DEPRECATED_OBJC_IMPLEMENTATIONS = YES;
				CLANG_WARN_DIRECT_OBJC_ISA_USAGE = YES_ERROR;
				CLANG_WARN_DOCUMENTATION_COMMENTS = YES;
				CLANG_WARN_EMPTY_BODY = YES;
				CLANG_WARN_ENUM_CONVERSION = YES;
				CLANG_WARN_INFINITE_RECURSION = YES;
				CLANG_WARN_INT_CONVERSION = YES;
				CLANG_WARN_NON_LITERAL_NULL_CONVERSION = YES;
				CLANG_WARN_OBJC_IMPLICIT_RETAIN_SELF = YES;
				CLANG_WARN_OBJC_LITERAL_CONVERSION = YES;
				CLANG_WARN_OBJC_ROOT_CLASS = YES_ERROR;
				CLANG_WARN_QUOTED_INCLUDE_IN_FRAMEWORK_HEADER = YES;
				CLANG_WARN_RANGE_LOOP_ANALYSIS = YES;
				CLANG_WARN_STRICT_PROTOTYPES = YES;
				CLANG_WARN_SUSPICIOUS_MOVE = YES;
				CLANG_WARN_UNGUARDED_AVAILABILITY = YES_AGGRESSIVE;
				CLANG_WARN_UNREACHABLE_CODE = YES;
				CLANG_WARN__DUPLICATE_METHOD_MATCH = YES;
				COPY_PHASE_STRIP = NO;
				DEBUG_INFORMATION_FORMAT = dwarf;
				ENABLE_STRICT_OBJC_MSGSEND = YES;
				ENABLE_TESTABILITY = YES;
				GCC_C_LANGUAGE_STANDARD = gnu11;
				GCC_DYNAMIC_NO_PIC = NO;
				GCC_NO_COMMON_BLOCKS = YES;
				GCC_OPTIMIZATION_LEVEL = 0;
				GCC_PREPROCESSOR_DEFINITIONS = (
					"DEBUG=1",
					"$(inherited)",
				);
				GCC_WARN_64_TO_32_BIT_CONVERSION = YES;
				GCC_WARN_ABOUT_RETURN_TYPE = YES_ERROR;
				GCC_WARN_UNDECLARED_SELECTOR = YES;
				GCC_WARN_UNINITIALIZED_AUTOS = YES_AGGRESSIVE;
				GCC_WARN_UNUSED_FUNCTION = YES;
				GCC_WARN_UNUSED_VARIABLE = YES;
				IPHONEOS_DEPLOYMENT_TARGET = 14.4;
				MTL_ENABLE_DEBUG_INFO = INCLUDE_SOURCE;
				MTL_FAST_MATH = YES;
				ONLY_ACTIVE_ARCH = YES;
				SDKROOT = iphoneos;
				SWIFT_ACTIVE_COMPILATION_CONDITIONS = DEBUG;
				SWIFT_OPTIMIZATION_LEVEL = "-Onone";
			};
			name = Debug;
		};
		3ADD69E225E6C7210018344C /* Release */ = {
			isa = XCBuildConfiguration;
			buildSettings = {
				ALWAYS_SEARCH_USER_PATHS = NO;
				CLANG_ANALYZER_NONNULL = YES;
				CLANG_ANALYZER_NUMBER_OBJECT_CONVERSION = YES_AGGRESSIVE;
				CLANG_CXX_LANGUAGE_STANDARD = "gnu++14";
				CLANG_CXX_LIBRARY = "libc++";
				CLANG_ENABLE_MODULES = YES;
				CLANG_ENABLE_OBJC_ARC = YES;
				CLANG_ENABLE_OBJC_WEAK = YES;
				CLANG_WARN_BLOCK_CAPTURE_AUTORELEASING = YES;
				CLANG_WARN_BOOL_CONVERSION = YES;
				CLANG_WARN_COMMA = YES;
				CLANG_WARN_CONSTANT_CONVERSION = YES;
				CLANG_WARN_DEPRECATED_OBJC_IMPLEMENTATIONS = YES;
				CLANG_WARN_DIRECT_OBJC_ISA_USAGE = YES_ERROR;
				CLANG_WARN_DOCUMENTATION_COMMENTS = YES;
				CLANG_WARN_EMPTY_BODY = YES;
				CLANG_WARN_ENUM_CONVERSION = YES;
				CLANG_WARN_INFINITE_RECURSION = YES;
				CLANG_WARN_INT_CONVERSION = YES;
				CLANG_WARN_NON_LITERAL_NULL_CONVERSION = YES;
				CLANG_WARN_OBJC_IMPLICIT_RETAIN_SELF = YES;
				CLANG_WARN_OBJC_LITERAL_CONVERSION = YES;
				CLANG_WARN_OBJC_ROOT_CLASS = YES_ERROR;
				CLANG_WARN_QUOTED_INCLUDE_IN_FRAMEWORK_HEADER = YES;
				CLANG_WARN_RANGE_LOOP_ANALYSIS = YES;
				CLANG_WARN_STRICT_PROTOTYPES = YES;
				CLANG_WARN_SUSPICIOUS_MOVE = YES;
				CLANG_WARN_UNGUARDED_AVAILABILITY = YES_AGGRESSIVE;
				CLANG_WARN_UNREACHABLE_CODE = YES;
				CLANG_WARN__DUPLICATE_METHOD_MATCH = YES;
				COPY_PHASE_STRIP = NO;
				DEBUG_INFORMATION_FORMAT = "dwarf-with-dsym";
				ENABLE_NS_ASSERTIONS = NO;
				ENABLE_STRICT_OBJC_MSGSEND = YES;
				GCC_C_LANGUAGE_STANDARD = gnu11;
				GCC_NO_COMMON_BLOCKS = YES;
				GCC_WARN_64_TO_32_BIT_CONVERSION = YES;
				GCC_WARN_ABOUT_RETURN_TYPE = YES_ERROR;
				GCC_WARN_UNDECLARED_SELECTOR = YES;
				GCC_WARN_UNINITIALIZED_AUTOS = YES_AGGRESSIVE;
				GCC_WARN_UNUSED_FUNCTION = YES;
				GCC_WARN_UNUSED_VARIABLE = YES;
				IPHONEOS_DEPLOYMENT_TARGET = 14.4;
				MTL_ENABLE_DEBUG_INFO = NO;
				MTL_FAST_MATH = YES;
				SDKROOT = iphoneos;
				SWIFT_COMPILATION_MODE = wholemodule;
				SWIFT_OPTIMIZATION_LEVEL = "-O";
				VALIDATE_PRODUCT = YES;
			};
			name = Release;
		};
		3ADD69E425E6C7210018344C /* Debug */ = {
			isa = XCBuildConfiguration;
			buildSettings = {
				ASSETCATALOG_COMPILER_APPICON_NAME = AppIcon;
				ASSETCATALOG_COMPILER_GLOBAL_ACCENT_COLOR_NAME = AccentColor;
				CODE_SIGN_STYLE = Automatic;
				DEVELOPMENT_TEAM = 8J73Q43L2S;
				INFOPLIST_FILE = "BreakingBadFan App/Info.plist";
				LD_RUNPATH_SEARCH_PATHS = (
					"$(inherited)",
					"@executable_path/Frameworks",
				);
				PRODUCT_BUNDLE_IDENTIFIER = "lt.1011.BreakingBadFan-App";
				PRODUCT_NAME = "$(TARGET_NAME)";
				SWIFT_VERSION = 5.0;
				TARGETED_DEVICE_FAMILY = 1;
			};
			name = Debug;
		};
		3ADD69E525E6C7210018344C /* Release */ = {
			isa = XCBuildConfiguration;
			buildSettings = {
				ASSETCATALOG_COMPILER_APPICON_NAME = AppIcon;
				ASSETCATALOG_COMPILER_GLOBAL_ACCENT_COLOR_NAME = AccentColor;
				CODE_SIGN_STYLE = Automatic;
				DEVELOPMENT_TEAM = 8J73Q43L2S;
				INFOPLIST_FILE = "BreakingBadFan App/Info.plist";
				LD_RUNPATH_SEARCH_PATHS = (
					"$(inherited)",
					"@executable_path/Frameworks",
				);
				PRODUCT_BUNDLE_IDENTIFIER = "lt.1011.BreakingBadFan-App";
				PRODUCT_NAME = "$(TARGET_NAME)";
				SWIFT_VERSION = 5.0;
				TARGETED_DEVICE_FAMILY = 1;
			};
			name = Release;
		};
/* End XCBuildConfiguration section */

/* Begin XCConfigurationList section */
		3ADD69CA25E6C71D0018344C /* Build configuration list for PBXProject "BreakingBadFan App" */ = {
			isa = XCConfigurationList;
			buildConfigurations = (
				3ADD69E125E6C7210018344C /* Debug */,
				3ADD69E225E6C7210018344C /* Release */,
			);
			defaultConfigurationIsVisible = 0;
			defaultConfigurationName = Release;
		};
		3ADD69E325E6C7210018344C /* Build configuration list for PBXNativeTarget "BreakingBadFan App" */ = {
			isa = XCConfigurationList;
			buildConfigurations = (
				3ADD69E425E6C7210018344C /* Debug */,
				3ADD69E525E6C7210018344C /* Release */,
			);
			defaultConfigurationIsVisible = 0;
			defaultConfigurationName = Release;
		};
/* End XCConfigurationList section */
	};
	rootObject = 3ADD69C725E6C71D0018344C /* Project object */;
}
